
Microsoft Visual Studio Solution File, Format Version 11.00
# Visual Studio 2010
Project("{FAE04EC0-301F-11D3-BF4B-00C04F79EFBC}") = "GAZ.Course2022.Lab3.Ex1", "GAZ.Course2022.Lab3.Ex1\GAZ.Course2022.Lab3.Ex1.csproj", "{D6FBB4B3-6776-498E-AB2C-A170E65F5CC9}"
EndProject
Global
	GlobalSection(SolutionConfigurationPlatforms) = preSolution
		Debug|x86 = Debug|x86
		Release|x86 = Release|x86
	EndGlobalSection
	GlobalSection(ProjectConfigurationPlatforms) = postSolution
		{D6FBB4B3-6776-498E-AB2C-A170E65F5CC9}.Debug|x86.ActiveCfg = Debug|x86
		{D6FBB4B3-6776-498E-AB2C-A170E65F5CC9}.Debug|x86.Build.0 = Debug|x86
		{D6FBB4B3-6776-498E-AB2C-A170E65F5CC9}.Release|x86.ActiveCfg = Release|x86
		{D6FBB4B3-6776-498E-AB2C-A170E65F5CC9}.Release|x86.Build.0 = Release|x86
	EndGlobalSection
	GlobalSection(SolutionProperties) = preSolution
		HideSolutionNode = FALSE
	EndGlobalSection
EndGlobal
