
Microsoft Visual Studio Solution File, Format Version 11.00
# Visual Studio 2010
Project("{FAE04EC0-301F-11D3-BF4B-00C04F79EFBC}") = "ControlRegister", "ControlRegister\ControlRegister.csproj", "{9AC7B592-16D9-4E0D-B271-5D10C55DCD2A}"
EndProject
Project("{FAE04EC0-301F-11D3-BF4B-00C04F79EFBC}") = "Exercise2TestHarness", "Exercise2TestHarness\Exercise2TestHarness.csproj", "{564D3BAA-F6BD-4883-B21E-D098ED940018}"
EndProject
Project("{FAE04EC0-301F-11D3-BF4B-00C04F79EFBC}") = "Unit Tests for Module 10", "Unit Tests for Module 10\Unit Tests for Module 10.csproj", "{0BFC2C47-73EC-41EE-9FE3-0408E7179967}"
EndProject
Project("{2150E333-8FDC-42A3-9474-1A3956D46DE8}") = "Solution Items", "Solution Items", "{F07042E5-F5D1-4A51-9C09-4C59579709AC}"
	ProjectSection(SolutionItems) = preProject
		Local.testsettings = Local.testsettings
		Module10.vsmdi = Module10.vsmdi
		TraceAndTestImpact.testsettings = TraceAndTestImpact.testsettings
	EndProjectSection
EndProject
Global
	GlobalSection(TestCaseManagementSettings) = postSolution
		CategoryFile = Module10.vsmdi
	EndGlobalSection
	GlobalSection(SolutionConfigurationPlatforms) = preSolution
		Debug|Any CPU = Debug|Any CPU
		Debug|Mixed Platforms = Debug|Mixed Platforms
		Debug|x86 = Debug|x86
		Release|Any CPU = Release|Any CPU
		Release|Mixed Platforms = Release|Mixed Platforms
		Release|x86 = Release|x86
	EndGlobalSection
	GlobalSection(ProjectConfigurationPlatforms) = postSolution
		{9AC7B592-16D9-4E0D-B271-5D10C55DCD2A}.Debug|Any CPU.ActiveCfg = Debug|x86
		{9AC7B592-16D9-4E0D-B271-5D10C55DCD2A}.Debug|Mixed Platforms.ActiveCfg = Debug|x86
		{9AC7B592-16D9-4E0D-B271-5D10C55DCD2A}.Debug|Mixed Platforms.Build.0 = Debug|x86
		{9AC7B592-16D9-4E0D-B271-5D10C55DCD2A}.Debug|x86.ActiveCfg = Debug|x86
		{9AC7B592-16D9-4E0D-B271-5D10C55DCD2A}.Debug|x86.Build.0 = Debug|x86
		{9AC7B592-16D9-4E0D-B271-5D10C55DCD2A}.Release|Any CPU.ActiveCfg = Release|x86
		{9AC7B592-16D9-4E0D-B271-5D10C55DCD2A}.Release|Mixed Platforms.ActiveCfg = Release|x86
		{9AC7B592-16D9-4E0D-B271-5D10C55DCD2A}.Release|Mixed Platforms.Build.0 = Release|x86
		{9AC7B592-16D9-4E0D-B271-5D10C55DCD2A}.Release|x86.ActiveCfg = Release|x86
		{9AC7B592-16D9-4E0D-B271-5D10C55DCD2A}.Release|x86.Build.0 = Release|x86
		{564D3BAA-F6BD-4883-B21E-D098ED940018}.Debug|Any CPU.ActiveCfg = Debug|x86
		{564D3BAA-F6BD-4883-B21E-D098ED940018}.Debug|Mixed Platforms.ActiveCfg = Debug|x86
		{564D3BAA-F6BD-4883-B21E-D098ED940018}.Debug|Mixed Platforms.Build.0 = Debug|x86
		{564D3BAA-F6BD-4883-B21E-D098ED940018}.Debug|x86.ActiveCfg = Debug|x86
		{564D3BAA-F6BD-4883-B21E-D098ED940018}.Debug|x86.Build.0 = Debug|x86
		{564D3BAA-F6BD-4883-B21E-D098ED940018}.Release|Any CPU.ActiveCfg = Release|x86
		{564D3BAA-F6BD-4883-B21E-D098ED940018}.Release|Mixed Platforms.ActiveCfg = Release|x86
		{564D3BAA-F6BD-4883-B21E-D098ED940018}.Release|Mixed Platforms.Build.0 = Release|x86
		{564D3BAA-F6BD-4883-B21E-D098ED940018}.Release|x86.ActiveCfg = Release|x86
		{564D3BAA-F6BD-4883-B21E-D098ED940018}.Release|x86.Build.0 = Release|x86
		{0BFC2C47-73EC-41EE-9FE3-0408E7179967}.Debug|Any CPU.ActiveCfg = Debug|Any CPU
		{0BFC2C47-73EC-41EE-9FE3-0408E7179967}.Debug|Any CPU.Build.0 = Debug|Any CPU
		{0BFC2C47-73EC-41EE-9FE3-0408E7179967}.Debug|Mixed Platforms.ActiveCfg = Debug|Any CPU
		{0BFC2C47-73EC-41EE-9FE3-0408E7179967}.Debug|Mixed Platforms.Build.0 = Debug|Any CPU
		{0BFC2C47-73EC-41EE-9FE3-0408E7179967}.Debug|x86.ActiveCfg = Debug|Any CPU
		{0BFC2C47-73EC-41EE-9FE3-0408E7179967}.Release|Any CPU.ActiveCfg = Release|Any CPU
		{0BFC2C47-73EC-41EE-9FE3-0408E7179967}.Release|Any CPU.Build.0 = Release|Any CPU
		{0BFC2C47-73EC-41EE-9FE3-0408E7179967}.Release|Mixed Platforms.ActiveCfg = Release|Any CPU
		{0BFC2C47-73EC-41EE-9FE3-0408E7179967}.Release|Mixed Platforms.Build.0 = Release|Any CPU
		{0BFC2C47-73EC-41EE-9FE3-0408E7179967}.Release|x86.ActiveCfg = Release|Any CPU
	EndGlobalSection
	GlobalSection(SolutionProperties) = preSolution
		HideSolutionNode = FALSE
	EndGlobalSection
EndGlobal
